
Microsoft Visual Studio Solution File, Format Version 12.00
# Visual Studio Version 17
VisualStudioVersion = 17.4.33213.308
MinimumVisualStudioVersion = 10.0.40219.1
Project("{FAE04EC0-301F-11D3-BF4B-00C04F79EFBC}") = "Exercitii_Seminar", "Exercitii_Seminar.csproj", "{291949E6-FB4D-4B79-9FB8-B7845D6698D9}"
EndProject
Global
	GlobalSection(SolutionConfigurationPlatforms) = preSolution
		Debug|Any CPU = Debug|Any CPU
		Release|Any CPU = Release|Any CPU
	EndGlobalSection
	GlobalSection(ProjectConfigurationPlatforms) = postSolution
		{291949E6-FB4D-4B79-9FB8-B7845D6698D9}.Debug|Any CPU.ActiveCfg = Debug|Any CPU
		{291949E6-FB4D-4B79-9FB8-B7845D6698D9}.Debug|Any CPU.Build.0 = Debug|Any CPU
		{291949E6-FB4D-4B79-9FB8-B7845D6698D9}.Release|Any CPU.ActiveCfg = Release|Any CPU
		{291949E6-FB4D-4B79-9FB8-B7845D6698D9}.Release|Any CPU.Build.0 = Release|Any CPU
	EndGlobalSection
	GlobalSection(SolutionProperties) = preSolution
		HideSolutionNode = FALSE
	EndGlobalSection
	GlobalSection(ExtensibilityGlobals) = postSolution
		SolutionGuid = {37BFC4F5-14D3-4033-AB52-E4438D5687D4}
	EndGlobalSection
EndGlobal
