
Microsoft Visual Studio Solution File, Format Version 12.00
# Visual Studio Version 17
VisualStudioVersion = 17.5.33530.505
MinimumVisualStudioVersion = 10.0.40219.1
Project("{FAE04EC0-301F-11D3-BF4B-00C04F79EFBC}") = "Big_Ball_Game", "Big_Ball_Game.csproj", "{AB86DB95-E286-4172-9A2A-3E0725FDA353}"
EndProject
Global
	GlobalSection(SolutionConfigurationPlatforms) = preSolution
		Debug|Any CPU = Debug|Any CPU
		Release|Any CPU = Release|Any CPU
	EndGlobalSection
	GlobalSection(ProjectConfigurationPlatforms) = postSolution
		{AB86DB95-E286-4172-9A2A-3E0725FDA353}.Debug|Any CPU.ActiveCfg = Debug|Any CPU
		{AB86DB95-E286-4172-9A2A-3E0725FDA353}.Debug|Any CPU.Build.0 = Debug|Any CPU
		{AB86DB95-E286-4172-9A2A-3E0725FDA353}.Release|Any CPU.ActiveCfg = Release|Any CPU
		{AB86DB95-E286-4172-9A2A-3E0725FDA353}.Release|Any CPU.Build.0 = Release|Any CPU
	EndGlobalSection
	GlobalSection(SolutionProperties) = preSolution
		HideSolutionNode = FALSE
	EndGlobalSection
	GlobalSection(ExtensibilityGlobals) = postSolution
		SolutionGuid = {628D00C0-5EA1-4851-940F-B4F653CEC1AB}
	EndGlobalSection
EndGlobal
